
Microsoft Visual Studio Solution File, Format Version 12.00
# Visual Studio 15
VisualStudioVersion = 15.0.27428.2037
MinimumVisualStudioVersion = 10.0.40219.1
Project("{888888A0-9F3D-457C-B088-3A5042F75D52}") = "IdleGods", "IdleGods\IdleGods.pyproj", "{A1BE22FF-44C5-4F3A-9F63-EBD5D2EFF19F}"
EndProject
Global
	GlobalSection(SolutionConfigurationPlatforms) = preSolution
		Debug|Any CPU = Debug|Any CPU
		Release|Any CPU = Release|Any CPU
	EndGlobalSection
	GlobalSection(ProjectConfigurationPlatforms) = postSolution
		{A1BE22FF-44C5-4F3A-9F63-EBD5D2EFF19F}.Debug|Any CPU.ActiveCfg = Debug|Any CPU
		{A1BE22FF-44C5-4F3A-9F63-EBD5D2EFF19F}.Release|Any CPU.ActiveCfg = Release|Any CPU
	EndGlobalSection
	GlobalSection(SolutionProperties) = preSolution
		HideSolutionNode = FALSE
	EndGlobalSection
	GlobalSection(ExtensibilityGlobals) = postSolution
		SolutionGuid = {618D57F7-C9B7-453E-A0EA-C91A7B8BE612}
	EndGlobalSection
EndGlobal
